
Microsoft Visual Studio Solution File, Format Version 12.00
# Visual Studio Version 17
VisualStudioVersion = 17.0.31912.275
MinimumVisualStudioVersion = 10.0.40219.1
Project("{FAE04EC0-301F-11D3-BF4B-00C04F79EFBC}") = "WebApi", "WebApi\WebApi.csproj", "{038ECE4B-D4CF-4D53-A30E-E1B6F0B5AB0B}"
EndProject
Global
	GlobalSection(SolutionConfigurationPlatforms) = preSolution
		Debug|Any CPU = Debug|Any CPU
		Release|Any CPU = Release|Any CPU
	EndGlobalSection
	GlobalSection(ProjectConfigurationPlatforms) = postSolution
		{038ECE4B-D4CF-4D53-A30E-E1B6F0B5AB0B}.Debug|Any CPU.ActiveCfg = Debug|Any CPU
		{038ECE4B-D4CF-4D53-A30E-E1B6F0B5AB0B}.Debug|Any CPU.Build.0 = Debug|Any CPU
		{038ECE4B-D4CF-4D53-A30E-E1B6F0B5AB0B}.Release|Any CPU.ActiveCfg = Release|Any CPU
		{038ECE4B-D4CF-4D53-A30E-E1B6F0B5AB0B}.Release|Any CPU.Build.0 = Release|Any CPU
	EndGlobalSection
	GlobalSection(SolutionProperties) = preSolution
		HideSolutionNode = FALSE
	EndGlobalSection
	GlobalSection(ExtensibilityGlobals) = postSolution
		SolutionGuid = {CEF898FA-D516-4B5B-9B6C-CB82404724CE}
	EndGlobalSection
EndGlobal
